
Microsoft Visual Studio Solution File, Format Version 12.00
# Visual Studio Version 16
VisualStudioVersion = 16.0.31025.218
MinimumVisualStudioVersion = 15.0.26124.0
Project("{9A19103F-16F7-4668-BE54-9A1E7A4F7556}") = "Shikibu", "Shikibu\Shikibu.csproj", "{3C286AEA-FDA0-4CE1-8AA5-43F5D7E8BD38}"
EndProject
Project("{9A19103F-16F7-4668-BE54-9A1E7A4F7556}") = "ShikibuTest", "ShikibuTest\ShikibuTest.csproj", "{32E0022E-E2BB-44C3-81C7-CA1A99029142}"
EndProject
Project("{9A19103F-16F7-4668-BE54-9A1E7A4F7556}") = "ShikibuSample", "ShikibuSample\ShikibuSample.csproj", "{D02BD786-12EA-4654-98AE-43DA03F7A397}"
EndProject
Global
	GlobalSection(SolutionConfigurationPlatforms) = preSolution
		Debug|Any CPU = Debug|Any CPU
		Debug|x64 = Debug|x64
		Debug|x86 = Debug|x86
		Release|Any CPU = Release|Any CPU
		Release|x64 = Release|x64
		Release|x86 = Release|x86
	EndGlobalSection
	GlobalSection(ProjectConfigurationPlatforms) = postSolution
		{3C286AEA-FDA0-4CE1-8AA5-43F5D7E8BD38}.Debug|Any CPU.ActiveCfg = Debug|Any CPU
		{3C286AEA-FDA0-4CE1-8AA5-43F5D7E8BD38}.Debug|Any CPU.Build.0 = Debug|Any CPU
		{3C286AEA-FDA0-4CE1-8AA5-43F5D7E8BD38}.Debug|x64.ActiveCfg = Debug|Any CPU
		{3C286AEA-FDA0-4CE1-8AA5-43F5D7E8BD38}.Debug|x64.Build.0 = Debug|Any CPU
		{3C286AEA-FDA0-4CE1-8AA5-43F5D7E8BD38}.Debug|x86.ActiveCfg = Debug|Any CPU
		{3C286AEA-FDA0-4CE1-8AA5-43F5D7E8BD38}.Debug|x86.Build.0 = Debug|Any CPU
		{3C286AEA-FDA0-4CE1-8AA5-43F5D7E8BD38}.Release|Any CPU.ActiveCfg = Release|Any CPU
		{3C286AEA-FDA0-4CE1-8AA5-43F5D7E8BD38}.Release|Any CPU.Build.0 = Release|Any CPU
		{3C286AEA-FDA0-4CE1-8AA5-43F5D7E8BD38}.Release|x64.ActiveCfg = Release|Any CPU
		{3C286AEA-FDA0-4CE1-8AA5-43F5D7E8BD38}.Release|x64.Build.0 = Release|Any CPU
		{3C286AEA-FDA0-4CE1-8AA5-43F5D7E8BD38}.Release|x86.ActiveCfg = Release|Any CPU
		{3C286AEA-FDA0-4CE1-8AA5-43F5D7E8BD38}.Release|x86.Build.0 = Release|Any CPU
		{32E0022E-E2BB-44C3-81C7-CA1A99029142}.Debug|Any CPU.ActiveCfg = Debug|Any CPU
		{32E0022E-E2BB-44C3-81C7-CA1A99029142}.Debug|Any CPU.Build.0 = Debug|Any CPU
		{32E0022E-E2BB-44C3-81C7-CA1A99029142}.Debug|x64.ActiveCfg = Debug|Any CPU
		{32E0022E-E2BB-44C3-81C7-CA1A99029142}.Debug|x64.Build.0 = Debug|Any CPU
		{32E0022E-E2BB-44C3-81C7-CA1A99029142}.Debug|x86.ActiveCfg = Debug|Any CPU
		{32E0022E-E2BB-44C3-81C7-CA1A99029142}.Debug|x86.Build.0 = Debug|Any CPU
		{32E0022E-E2BB-44C3-81C7-CA1A99029142}.Release|Any CPU.ActiveCfg = Release|Any CPU
		{32E0022E-E2BB-44C3-81C7-CA1A99029142}.Release|Any CPU.Build.0 = Release|Any CPU
		{32E0022E-E2BB-44C3-81C7-CA1A99029142}.Release|x64.ActiveCfg = Release|Any CPU
		{32E0022E-E2BB-44C3-81C7-CA1A99029142}.Release|x64.Build.0 = Release|Any CPU
		{32E0022E-E2BB-44C3-81C7-CA1A99029142}.Release|x86.ActiveCfg = Release|Any CPU
		{32E0022E-E2BB-44C3-81C7-CA1A99029142}.Release|x86.Build.0 = Release|Any CPU
		{D02BD786-12EA-4654-98AE-43DA03F7A397}.Debug|Any CPU.ActiveCfg = Debug|Any CPU
		{D02BD786-12EA-4654-98AE-43DA03F7A397}.Debug|Any CPU.Build.0 = Debug|Any CPU
		{D02BD786-12EA-4654-98AE-43DA03F7A397}.Debug|x64.ActiveCfg = Debug|Any CPU
		{D02BD786-12EA-4654-98AE-43DA03F7A397}.Debug|x64.Build.0 = Debug|Any CPU
		{D02BD786-12EA-4654-98AE-43DA03F7A397}.Debug|x86.ActiveCfg = Debug|Any CPU
		{D02BD786-12EA-4654-98AE-43DA03F7A397}.Debug|x86.Build.0 = Debug|Any CPU
		{D02BD786-12EA-4654-98AE-43DA03F7A397}.Release|Any CPU.ActiveCfg = Release|Any CPU
		{D02BD786-12EA-4654-98AE-43DA03F7A397}.Release|Any CPU.Build.0 = Release|Any CPU
		{D02BD786-12EA-4654-98AE-43DA03F7A397}.Release|x64.ActiveCfg = Release|Any CPU
		{D02BD786-12EA-4654-98AE-43DA03F7A397}.Release|x64.Build.0 = Release|Any CPU
		{D02BD786-12EA-4654-98AE-43DA03F7A397}.Release|x86.ActiveCfg = Release|Any CPU
		{D02BD786-12EA-4654-98AE-43DA03F7A397}.Release|x86.Build.0 = Release|Any CPU
	EndGlobalSection
	GlobalSection(SolutionProperties) = preSolution
		HideSolutionNode = FALSE
	EndGlobalSection
	GlobalSection(ExtensibilityGlobals) = postSolution
		SolutionGuid = {F331312B-CF8F-4963-9DAF-B8A137BBAF85}
	EndGlobalSection
EndGlobal
